// !$*UTF8*$!
{
	archiveVersion = 1;
	classes = {
	};
	objectVersion = 55;
	objects = {

/* Begin PBXBuildFile section */
		FD7263A427DE4F8200E6DBA8 /* UltimatePortfolioApp.swift in Sources */ = {isa = PBXBuildFile; fileRef = FD7263A327DE4F8200E6DBA8 /* UltimatePortfolioApp.swift */; };
		FD7263A627DE4F8200E6DBA8 /* ContentView.swift in Sources */ = {isa = PBXBuildFile; fileRef = FD7263A527DE4F8200E6DBA8 /* ContentView.swift */; };
		FD7263A827DE4F8300E6DBA8 /* Assets.xcassets in Resources */ = {isa = PBXBuildFile; fileRef = FD7263A727DE4F8300E6DBA8 /* Assets.xcassets */; };
		FD7263AB27DE4F8300E6DBA8 /* Preview Assets.xcassets in Resources */ = {isa = PBXBuildFile; fileRef = FD7263AA27DE4F8300E6DBA8 /* Preview Assets.xcassets */; };
		FD7263B327DE652200E6DBA8 /* main.xcdatamodeld in Sources */ = {isa = PBXBuildFile; fileRef = FD7263B127DE652200E6DBA8 /* main.xcdatamodeld */; };
		FD7263B527DE6F1800E6DBA8 /* DataController.swift in Sources */ = {isa = PBXBuildFile; fileRef = FD7263B427DE6F1800E6DBA8 /* DataController.swift */; };
		FD7263BA27DE796500E6DBA8 /* CloudKit.framework in Frameworks */ = {isa = PBXBuildFile; fileRef = FD7263B927DE796500E6DBA8 /* CloudKit.framework */; };
		FD7263BC27DE7E9800E6DBA8 /* HomeView.swift in Sources */ = {isa = PBXBuildFile; fileRef = FD7263BB27DE7E9800E6DBA8 /* HomeView.swift */; };
		FD7263BE27DE7F8B00E6DBA8 /* ProjectsView.swift in Sources */ = {isa = PBXBuildFile; fileRef = FD7263BD27DE7F8B00E6DBA8 /* ProjectsView.swift */; };
		FD7263C027DEA92700E6DBA8 /* Item-CoreDataHelpers.swift in Sources */ = {isa = PBXBuildFile; fileRef = FD7263BF27DEA92700E6DBA8 /* Item-CoreDataHelpers.swift */; };
		FD7263C227DEA9FC00E6DBA8 /* Project-CoreDataHelpers.swift in Sources */ = {isa = PBXBuildFile; fileRef = FD7263C127DEA9FC00E6DBA8 /* Project-CoreDataHelpers.swift */; };
		FD7263C427DEBDA900E6DBA8 /* EditItemView.swift in Sources */ = {isa = PBXBuildFile; fileRef = FD7263C327DEBDA900E6DBA8 /* EditItemView.swift */; };
		FD7263C627DEC1B400E6DBA8 /* ItemRowView.swift in Sources */ = {isa = PBXBuildFile; fileRef = FD7263C527DEC1B400E6DBA8 /* ItemRowView.swift */; };
		FD7263C827DEF8BD00E6DBA8 /* Binding-OnChange.swift in Sources */ = {isa = PBXBuildFile; fileRef = FD7263C727DEF8BD00E6DBA8 /* Binding-OnChange.swift */; };
		FD7263CA27DF023A00E6DBA8 /* ProjectHeaderView.swift in Sources */ = {isa = PBXBuildFile; fileRef = FD7263C927DF023A00E6DBA8 /* ProjectHeaderView.swift */; };
		FD7263CC27DF062400E6DBA8 /* Colors.xcassets in Resources */ = {isa = PBXBuildFile; fileRef = FD7263CB27DF062400E6DBA8 /* Colors.xcassets */; };
		FD7263CE27E045B900E6DBA8 /* EditProjectView.swift in Sources */ = {isa = PBXBuildFile; fileRef = FD7263CD27E045B900E6DBA8 /* EditProjectView.swift */; };
		FD7263D027E39A9300E6DBA8 /* Sequence-Sorting.swift in Sources */ = {isa = PBXBuildFile; fileRef = FD7263CF27E39A9300E6DBA8 /* Sequence-Sorting.swift */; };
		FD7263D227E3A83200E6DBA8 /* SelectSomething.swift in Sources */ = {isa = PBXBuildFile; fileRef = FD7263D127E3A83200E6DBA8 /* SelectSomething.swift */; };
		FD7263D427E3F1D000E6DBA8 /* Bundle.Decodable.swift in Sources */ = {isa = PBXBuildFile; fileRef = FD7263D327E3F1D000E6DBA8 /* Bundle.Decodable.swift */; };
		FD7263D627E3F29A00E6DBA8 /* Awards.json in Resources */ = {isa = PBXBuildFile; fileRef = FD7263D527E3F29A00E6DBA8 /* Awards.json */; };
		FD7263D827E3FF5A00E6DBA8 /* Award.swift in Sources */ = {isa = PBXBuildFile; fileRef = FD7263D727E3FF5A00E6DBA8 /* Award.swift */; };
		FD7263DA27E4004000E6DBA8 /* AwardsView.swift in Sources */ = {isa = PBXBuildFile; fileRef = FD7263D927E4004000E6DBA8 /* AwardsView.swift */; };
		FD7263DC27E40FB400E6DBA8 /* Color-Additions.swift in Sources */ = {isa = PBXBuildFile; fileRef = FD7263DB27E40FB400E6DBA8 /* Color-Additions.swift */; };
/* End PBXBuildFile section */

/* Begin PBXFileReference section */
		FD7263A027DE4F8200E6DBA8 /* UltimatePortfolio.app */ = {isa = PBXFileReference; explicitFileType = wrapper.application; includeInIndex = 0; path = UltimatePortfolio.app; sourceTree = BUILT_PRODUCTS_DIR; };
		FD7263A327DE4F8200E6DBA8 /* UltimatePortfolioApp.swift */ = {isa = PBXFileReference; lastKnownFileType = sourcecode.swift; path = UltimatePortfolioApp.swift; sourceTree = "<group>"; };
		FD7263A527DE4F8200E6DBA8 /* ContentView.swift */ = {isa = PBXFileReference; lastKnownFileType = sourcecode.swift; path = ContentView.swift; sourceTree = "<group>"; };
		FD7263A727DE4F8300E6DBA8 /* Assets.xcassets */ = {isa = PBXFileReference; lastKnownFileType = folder.assetcatalog; path = Assets.xcassets; sourceTree = "<group>"; };
		FD7263AA27DE4F8300E6DBA8 /* Preview Assets.xcassets */ = {isa = PBXFileReference; lastKnownFileType = folder.assetcatalog; path = "Preview Assets.xcassets"; sourceTree = "<group>"; };
		FD7263B227DE652200E6DBA8 /* main.xcdatamodel */ = {isa = PBXFileReference; lastKnownFileType = wrapper.xcdatamodel; path = main.xcdatamodel; sourceTree = "<group>"; };
		FD7263B427DE6F1800E6DBA8 /* DataController.swift */ = {isa = PBXFileReference; lastKnownFileType = sourcecode.swift; path = DataController.swift; sourceTree = "<group>"; };
		FD7263B627DE77E700E6DBA8 /* UltimatePortfolio.entitlements */ = {isa = PBXFileReference; lastKnownFileType = text.plist.entitlements; path = UltimatePortfolio.entitlements; sourceTree = "<group>"; };
		FD7263B727DE77EF00E6DBA8 /* Info.plist */ = {isa = PBXFileReference; lastKnownFileType = text.plist; path = Info.plist; sourceTree = "<group>"; };
		FD7263B927DE796500E6DBA8 /* CloudKit.framework */ = {isa = PBXFileReference; lastKnownFileType = wrapper.framework; name = CloudKit.framework; path = System/Library/Frameworks/CloudKit.framework; sourceTree = SDKROOT; };
		FD7263BB27DE7E9800E6DBA8 /* HomeView.swift */ = {isa = PBXFileReference; lastKnownFileType = sourcecode.swift; path = HomeView.swift; sourceTree = "<group>"; };
		FD7263BD27DE7F8B00E6DBA8 /* ProjectsView.swift */ = {isa = PBXFileReference; lastKnownFileType = sourcecode.swift; path = ProjectsView.swift; sourceTree = "<group>"; };
		FD7263BF27DEA92700E6DBA8 /* Item-CoreDataHelpers.swift */ = {isa = PBXFileReference; lastKnownFileType = sourcecode.swift; path = "Item-CoreDataHelpers.swift"; sourceTree = "<group>"; };
		FD7263C127DEA9FC00E6DBA8 /* Project-CoreDataHelpers.swift */ = {isa = PBXFileReference; lastKnownFileType = sourcecode.swift; path = "Project-CoreDataHelpers.swift"; sourceTree = "<group>"; };
		FD7263C327DEBDA900E6DBA8 /* EditItemView.swift */ = {isa = PBXFileReference; lastKnownFileType = sourcecode.swift; path = EditItemView.swift; sourceTree = "<group>"; };
		FD7263C527DEC1B400E6DBA8 /* ItemRowView.swift */ = {isa = PBXFileReference; lastKnownFileType = sourcecode.swift; path = ItemRowView.swift; sourceTree = "<group>"; };
		FD7263C727DEF8BD00E6DBA8 /* Binding-OnChange.swift */ = {isa = PBXFileReference; lastKnownFileType = sourcecode.swift; path = "Binding-OnChange.swift"; sourceTree = "<group>"; };
		FD7263C927DF023A00E6DBA8 /* ProjectHeaderView.swift */ = {isa = PBXFileReference; lastKnownFileType = sourcecode.swift; path = ProjectHeaderView.swift; sourceTree = "<group>"; };
		FD7263CB27DF062400E6DBA8 /* Colors.xcassets */ = {isa = PBXFileReference; lastKnownFileType = folder.assetcatalog; path = Colors.xcassets; sourceTree = "<group>"; };
		FD7263CD27E045B900E6DBA8 /* EditProjectView.swift */ = {isa = PBXFileReference; lastKnownFileType = sourcecode.swift; path = EditProjectView.swift; sourceTree = "<group>"; };
		FD7263CF27E39A9300E6DBA8 /* Sequence-Sorting.swift */ = {isa = PBXFileReference; lastKnownFileType = sourcecode.swift; path = "Sequence-Sorting.swift"; sourceTree = "<group>"; };
		FD7263D127E3A83200E6DBA8 /* SelectSomething.swift */ = {isa = PBXFileReference; lastKnownFileType = sourcecode.swift; path = SelectSomething.swift; sourceTree = "<group>"; };
		FD7263D327E3F1D000E6DBA8 /* Bundle.Decodable.swift */ = {isa = PBXFileReference; lastKnownFileType = sourcecode.swift; path = Bundle.Decodable.swift; sourceTree = "<group>"; };
		FD7263D527E3F29A00E6DBA8 /* Awards.json */ = {isa = PBXFileReference; fileEncoding = 4; lastKnownFileType = text.json; path = Awards.json; sourceTree = "<group>"; };
		FD7263D727E3FF5A00E6DBA8 /* Award.swift */ = {isa = PBXFileReference; lastKnownFileType = sourcecode.swift; path = Award.swift; sourceTree = "<group>"; };
		FD7263D927E4004000E6DBA8 /* AwardsView.swift */ = {isa = PBXFileReference; lastKnownFileType = sourcecode.swift; path = AwardsView.swift; sourceTree = "<group>"; };
		FD7263DB27E40FB400E6DBA8 /* Color-Additions.swift */ = {isa = PBXFileReference; lastKnownFileType = sourcecode.swift; path = "Color-Additions.swift"; sourceTree = "<group>"; };
/* End PBXFileReference section */

/* Begin PBXFrameworksBuildPhase section */
		FD72639D27DE4F8200E6DBA8 /* Frameworks */ = {
			isa = PBXFrameworksBuildPhase;
			buildActionMask = 2147483647;
			files = (
				FD7263BA27DE796500E6DBA8 /* CloudKit.framework in Frameworks */,
			);
			runOnlyForDeploymentPostprocessing = 0;
		};
/* End PBXFrameworksBuildPhase section */

/* Begin PBXGroup section */
		FD72639727DE4F8200E6DBA8 = {
			isa = PBXGroup;
			children = (
				FD7263A227DE4F8200E6DBA8 /* UltimatePortfolio */,
				FD7263A127DE4F8200E6DBA8 /* Products */,
				FD7263B827DE796500E6DBA8 /* Frameworks */,
			);
			sourceTree = "<group>";
		};
		FD7263A127DE4F8200E6DBA8 /* Products */ = {
			isa = PBXGroup;
			children = (
				FD7263A027DE4F8200E6DBA8 /* UltimatePortfolio.app */,
			);
			name = Products;
			sourceTree = "<group>";
		};
		FD7263A227DE4F8200E6DBA8 /* UltimatePortfolio */ = {
			isa = PBXGroup;
			children = (
				FD7263A327DE4F8200E6DBA8 /* UltimatePortfolioApp.swift */,
				FD7263C927DF023A00E6DBA8 /* ProjectHeaderView.swift */,
				FD7263BB27DE7E9800E6DBA8 /* HomeView.swift */,
				FD7263A527DE4F8200E6DBA8 /* ContentView.swift */,
				FD7263CD27E045B900E6DBA8 /* EditProjectView.swift */,
				FD7263BD27DE7F8B00E6DBA8 /* ProjectsView.swift */,
				FD7263D127E3A83200E6DBA8 /* SelectSomething.swift */,
				FD7263C527DEC1B400E6DBA8 /* ItemRowView.swift */,
				FD7263DB27E40FB400E6DBA8 /* Color-Additions.swift */,
				FD7263C327DEBDA900E6DBA8 /* EditItemView.swift */,
				FD7263D927E4004000E6DBA8 /* AwardsView.swift */,
				FD7263C727DEF8BD00E6DBA8 /* Binding-OnChange.swift */,
				FD7263CF27E39A9300E6DBA8 /* Sequence-Sorting.swift */,
				FD7263BF27DEA92700E6DBA8 /* Item-CoreDataHelpers.swift */,
				FD7263C127DEA9FC00E6DBA8 /* Project-CoreDataHelpers.swift */,
				FD7263B427DE6F1800E6DBA8 /* DataController.swift */,
				FD7263D327E3F1D000E6DBA8 /* Bundle.Decodable.swift */,
				FD7263D727E3FF5A00E6DBA8 /* Award.swift */,
				FD7263D527E3F29A00E6DBA8 /* Awards.json */,
				FD7263B127DE652200E6DBA8 /* main.xcdatamodeld */,
				FD7263B727DE77EF00E6DBA8 /* Info.plist */,
				FD7263CB27DF062400E6DBA8 /* Colors.xcassets */,
				FD7263A727DE4F8300E6DBA8 /* Assets.xcassets */,
				FD7263B627DE77E700E6DBA8 /* UltimatePortfolio.entitlements */,
				FD7263A927DE4F8300E6DBA8 /* Preview Content */,
			);
			path = UltimatePortfolio;
			sourceTree = "<group>";
		};
		FD7263A927DE4F8300E6DBA8 /* Preview Content */ = {
			isa = PBXGroup;
			children = (
				FD7263AA27DE4F8300E6DBA8 /* Preview Assets.xcassets */,
			);
			path = "Preview Content";
			sourceTree = "<group>";
		};
		FD7263B827DE796500E6DBA8 /* Frameworks */ = {
			isa = PBXGroup;
			children = (
				FD7263B927DE796500E6DBA8 /* CloudKit.framework */,
			);
			name = Frameworks;
			sourceTree = "<group>";
		};
/* End PBXGroup section */

/* Begin PBXNativeTarget section */
		FD72639F27DE4F8200E6DBA8 /* UltimatePortfolio */ = {
			isa = PBXNativeTarget;
			buildConfigurationList = FD7263AE27DE4F8300E6DBA8 /* Build configuration list for PBXNativeTarget "UltimatePortfolio" */;
			buildPhases = (
				FD72639C27DE4F8200E6DBA8 /* Sources */,
				FD72639D27DE4F8200E6DBA8 /* Frameworks */,
				FD72639E27DE4F8200E6DBA8 /* Resources */,
			);
			buildRules = (
			);
			dependencies = (
			);
			name = UltimatePortfolio;
			productName = UltimatePortfolio;
			productReference = FD7263A027DE4F8200E6DBA8 /* UltimatePortfolio.app */;
			productType = "com.apple.product-type.application";
		};
/* End PBXNativeTarget section */

/* Begin PBXProject section */
		FD72639827DE4F8200E6DBA8 /* Project object */ = {
			isa = PBXProject;
			attributes = {
				BuildIndependentTargetsInParallel = 1;
				LastSwiftUpdateCheck = 1320;
				LastUpgradeCheck = 1320;
				TargetAttributes = {
					FD72639F27DE4F8200E6DBA8 = {
						CreatedOnToolsVersion = 13.2.1;
					};
				};
			};
			buildConfigurationList = FD72639B27DE4F8200E6DBA8 /* Build configuration list for PBXProject "UltimatePortfolio" */;
			compatibilityVersion = "Xcode 13.0";
			developmentRegion = en;
			hasScannedForEncodings = 0;
			knownRegions = (
				en,
				Base,
			);
			mainGroup = FD72639727DE4F8200E6DBA8;
			productRefGroup = FD7263A127DE4F8200E6DBA8 /* Products */;
			projectDirPath = "";
			projectRoot = "";
			targets = (
				FD72639F27DE4F8200E6DBA8 /* UltimatePortfolio */,
			);
		};
/* End PBXProject section */

/* Begin PBXResourcesBuildPhase section */
		FD72639E27DE4F8200E6DBA8 /* Resources */ = {
			isa = PBXResourcesBuildPhase;
			buildActionMask = 2147483647;
			files = (
				FD7263CC27DF062400E6DBA8 /* Colors.xcassets in Resources */,
				FD7263D627E3F29A00E6DBA8 /* Awards.json in Resources */,
				FD7263AB27DE4F8300E6DBA8 /* Preview Assets.xcassets in Resources */,
				FD7263A827DE4F8300E6DBA8 /* Assets.xcassets in Resources */,
			);
			runOnlyForDeploymentPostprocessing = 0;
		};
/* End PBXResourcesBuildPhase section */

/* Begin PBXSourcesBuildPhase section */
		FD72639C27DE4F8200E6DBA8 /* Sources */ = {
			isa = PBXSourcesBuildPhase;
			buildActionMask = 2147483647;
			files = (
				FD7263BE27DE7F8B00E6DBA8 /* ProjectsView.swift in Sources */,
				FD7263CA27DF023A00E6DBA8 /* ProjectHeaderView.swift in Sources */,
				FD7263DA27E4004000E6DBA8 /* AwardsView.swift in Sources */,
				FD7263B327DE652200E6DBA8 /* main.xcdatamodeld in Sources */,
				FD7263D227E3A83200E6DBA8 /* SelectSomething.swift in Sources */,
				FD7263DC27E40FB400E6DBA8 /* Color-Additions.swift in Sources */,
				FD7263C227DEA9FC00E6DBA8 /* Project-CoreDataHelpers.swift in Sources */,
				FD7263CE27E045B900E6DBA8 /* EditProjectView.swift in Sources */,
				FD7263B527DE6F1800E6DBA8 /* DataController.swift in Sources */,
				FD7263D827E3FF5A00E6DBA8 /* Award.swift in Sources */,
				FD7263C627DEC1B400E6DBA8 /* ItemRowView.swift in Sources */,
				FD7263A627DE4F8200E6DBA8 /* ContentView.swift in Sources */,
				FD7263C827DEF8BD00E6DBA8 /* Binding-OnChange.swift in Sources */,
				FD7263D027E39A9300E6DBA8 /* Sequence-Sorting.swift in Sources */,
				FD7263BC27DE7E9800E6DBA8 /* HomeView.swift in Sources */,
				FD7263D427E3F1D000E6DBA8 /* Bundle.Decodable.swift in Sources */,
				FD7263A427DE4F8200E6DBA8 /* UltimatePortfolioApp.swift in Sources */,
				FD7263C027DEA92700E6DBA8 /* Item-CoreDataHelpers.swift in Sources */,
				FD7263C427DEBDA900E6DBA8 /* EditItemView.swift in Sources */,
			);
			runOnlyForDeploymentPostprocessing = 0;
		};
/* End PBXSourcesBuildPhase section */

/* Begin XCBuildConfiguration section */
		FD7263AC27DE4F8300E6DBA8 /* Debug */ = {
			isa = XCBuildConfiguration;
			buildSettings = {
				ALWAYS_SEARCH_USER_PATHS = NO;
				CLANG_ANALYZER_NONNULL = YES;
				CLANG_ANALYZER_NUMBER_OBJECT_CONVERSION = YES_AGGRESSIVE;
				CLANG_CXX_LANGUAGE_STANDARD = "gnu++17";
				CLANG_CXX_LIBRARY = "libc++";
				CLANG_ENABLE_MODULES = YES;
				CLANG_ENABLE_OBJC_ARC = YES;
				CLANG_ENABLE_OBJC_WEAK = YES;
				CLANG_WARN_BLOCK_CAPTURE_AUTORELEASING = YES;
				CLANG_WARN_BOOL_CONVERSION = YES;
				CLANG_WARN_COMMA = YES;
				CLANG_WARN_CONSTANT_CONVERSION = YES;
				CLANG_WARN_DEPRECATED_OBJC_IMPLEMENTATIONS = YES;
				CLANG_WARN_DIRECT_OBJC_ISA_USAGE = YES_ERROR;
				CLANG_WARN_DOCUMENTATION_COMMENTS = YES;
				CLANG_WARN_EMPTY_BODY = YES;
				CLANG_WARN_ENUM_CONVERSION = YES;
				CLANG_WARN_INFINITE_RECURSION = YES;
				CLANG_WARN_INT_CONVERSION = YES;
				CLANG_WARN_NON_LITERAL_NULL_CONVERSION = YES;
				CLANG_WARN_OBJC_IMPLICIT_RETAIN_SELF = YES;
				CLANG_WARN_OBJC_LITERAL_CONVERSION = YES;
				CLANG_WARN_OBJC_ROOT_CLASS = YES_ERROR;
				CLANG_WARN_QUOTED_INCLUDE_IN_FRAMEWORK_HEADER = YES;
				CLANG_WARN_RANGE_LOOP_ANALYSIS = YES;
				CLANG_WARN_STRICT_PROTOTYPES = YES;
				CLANG_WARN_SUSPICIOUS_MOVE = YES;
				CLANG_WARN_UNGUARDED_AVAILABILITY = YES_AGGRESSIVE;
				CLANG_WARN_UNREACHABLE_CODE = YES;
				CLANG_WARN__DUPLICATE_METHOD_MATCH = YES;
				COPY_PHASE_STRIP = NO;
				DEBUG_INFORMATION_FORMAT = dwarf;
				ENABLE_STRICT_OBJC_MSGSEND = YES;
				ENABLE_TESTABILITY = YES;
				GCC_C_LANGUAGE_STANDARD = gnu11;
				GCC_DYNAMIC_NO_PIC = NO;
				GCC_NO_COMMON_BLOCKS = YES;
				GCC_OPTIMIZATION_LEVEL = 0;
				GCC_PREPROCESSOR_DEFINITIONS = (
					"DEBUG=1",
					"$(inherited)",
				);
				GCC_WARN_64_TO_32_BIT_CONVERSION = YES;
				GCC_WARN_ABOUT_RETURN_TYPE = YES_ERROR;
				GCC_WARN_UNDECLARED_SELECTOR = YES;
				GCC_WARN_UNINITIALIZED_AUTOS = YES_AGGRESSIVE;
				GCC_WARN_UNUSED_FUNCTION = YES;
				GCC_WARN_UNUSED_VARIABLE = YES;
				IPHONEOS_DEPLOYMENT_TARGET = 15.2;
				MTL_ENABLE_DEBUG_INFO = INCLUDE_SOURCE;
				MTL_FAST_MATH = YES;
				ONLY_ACTIVE_ARCH = YES;
				SDKROOT = iphoneos;
				SWIFT_ACTIVE_COMPILATION_CONDITIONS = DEBUG;
				SWIFT_OPTIMIZATION_LEVEL = "-Onone";
			};
			name = Debug;
		};
		FD7263AD27DE4F8300E6DBA8 /* Release */ = {
			isa = XCBuildConfiguration;
			buildSettings = {
				ALWAYS_SEARCH_USER_PATHS = NO;
				CLANG_ANALYZER_NONNULL = YES;
				CLANG_ANALYZER_NUMBER_OBJECT_CONVERSION = YES_AGGRESSIVE;
				CLANG_CXX_LANGUAGE_STANDARD = "gnu++17";
				CLANG_CXX_LIBRARY = "libc++";
				CLANG_ENABLE_MODULES = YES;
				CLANG_ENABLE_OBJC_ARC = YES;
				CLANG_ENABLE_OBJC_WEAK = YES;
				CLANG_WARN_BLOCK_CAPTURE_AUTORELEASING = YES;
				CLANG_WARN_BOOL_CONVERSION = YES;
				CLANG_WARN_COMMA = YES;
				CLANG_WARN_CONSTANT_CONVERSION = YES;
				CLANG_WARN_DEPRECATED_OBJC_IMPLEMENTATIONS = YES;
				CLANG_WARN_DIRECT_OBJC_ISA_USAGE = YES_ERROR;
				CLANG_WARN_DOCUMENTATION_COMMENTS = YES;
				CLANG_WARN_EMPTY_BODY = YES;
				CLANG_WARN_ENUM_CONVERSION = YES;
				CLANG_WARN_INFINITE_RECURSION = YES;
				CLANG_WARN_INT_CONVERSION = YES;
				CLANG_WARN_NON_LITERAL_NULL_CONVERSION = YES;
				CLANG_WARN_OBJC_IMPLICIT_RETAIN_SELF = YES;
				CLANG_WARN_OBJC_LITERAL_CONVERSION = YES;
				CLANG_WARN_OBJC_ROOT_CLASS = YES_ERROR;
				CLANG_WARN_QUOTED_INCLUDE_IN_FRAMEWORK_HEADER = YES;
				CLANG_WARN_RANGE_LOOP_ANALYSIS = YES;
				CLANG_WARN_STRICT_PROTOTYPES = YES;
				CLANG_WARN_SUSPICIOUS_MOVE = YES;
				CLANG_WARN_UNGUARDED_AVAILABILITY = YES_AGGRESSIVE;
				CLANG_WARN_UNREACHABLE_CODE = YES;
				CLANG_WARN__DUPLICATE_METHOD_MATCH = YES;
				COPY_PHASE_STRIP = NO;
				DEBUG_INFORMATION_FORMAT = "dwarf-with-dsym";
				ENABLE_NS_ASSERTIONS = NO;
				ENABLE_STRICT_OBJC_MSGSEND = YES;
				GCC_C_LANGUAGE_STANDARD = gnu11;
				GCC_NO_COMMON_BLOCKS = YES;
				GCC_WARN_64_TO_32_BIT_CONVERSION = YES;
				GCC_WARN_ABOUT_RETURN_TYPE = YES_ERROR;
				GCC_WARN_UNDECLARED_SELECTOR = YES;
				GCC_WARN_UNINITIALIZED_AUTOS = YES_AGGRESSIVE;
				GCC_WARN_UNUSED_FUNCTION = YES;
				GCC_WARN_UNUSED_VARIABLE = YES;
				IPHONEOS_DEPLOYMENT_TARGET = 15.2;
				MTL_ENABLE_DEBUG_INFO = NO;
				MTL_FAST_MATH = YES;
				SDKROOT = iphoneos;
				SWIFT_COMPILATION_MODE = wholemodule;
				SWIFT_OPTIMIZATION_LEVEL = "-O";
				VALIDATE_PRODUCT = YES;
			};
			name = Release;
		};
		FD7263AF27DE4F8300E6DBA8 /* Debug */ = {
			isa = XCBuildConfiguration;
			buildSettings = {
				ASSETCATALOG_COMPILER_APPICON_NAME = AppIcon;
				ASSETCATALOG_COMPILER_GLOBAL_ACCENT_COLOR_NAME = AccentColor;
				CODE_SIGN_ENTITLEMENTS = UltimatePortfolio/UltimatePortfolio.entitlements;
				CODE_SIGN_STYLE = Manual;
				CURRENT_PROJECT_VERSION = 1;
				DEVELOPMENT_ASSET_PATHS = "\"UltimatePortfolio/Preview Content\"";
				DEVELOPMENT_TEAM = "";
				ENABLE_PREVIEWS = YES;
				GENERATE_INFOPLIST_FILE = YES;
				INFOPLIST_FILE = UltimatePortfolio/Info.plist;
				INFOPLIST_KEY_UIApplicationSceneManifest_Generation = YES;
				INFOPLIST_KEY_UIApplicationSupportsIndirectInputEvents = YES;
				INFOPLIST_KEY_UILaunchScreen_Generation = YES;
				INFOPLIST_KEY_UISupportedInterfaceOrientations_iPad = "UIInterfaceOrientationPortrait UIInterfaceOrientationPortraitUpsideDown UIInterfaceOrientationLandscapeLeft UIInterfaceOrientationLandscapeRight";
				INFOPLIST_KEY_UISupportedInterfaceOrientations_iPhone = "UIInterfaceOrientationPortrait UIInterfaceOrientationLandscapeLeft UIInterfaceOrientationLandscapeRight";
				LD_RUNPATH_SEARCH_PATHS = (
					"$(inherited)",
					"@executable_path/Frameworks",
				);
				MARKETING_VERSION = 1.0;
				PRODUCT_BUNDLE_IDENTIFIER = com.example.UltimatePortfolio;
				PRODUCT_NAME = "$(TARGET_NAME)";
				PROVISIONING_PROFILE_SPECIFIER = "";
				SWIFT_EMIT_LOC_STRINGS = YES;
				SWIFT_VERSION = 5.0;
				TARGETED_DEVICE_FAMILY = "1,2";
			};
			name = Debug;
		};
		FD7263B027DE4F8300E6DBA8 /* Release */ = {
			isa = XCBuildConfiguration;
			buildSettings = {
				ASSETCATALOG_COMPILER_APPICON_NAME = AppIcon;
				ASSETCATALOG_COMPILER_GLOBAL_ACCENT_COLOR_NAME = AccentColor;
				CODE_SIGN_ENTITLEMENTS = UltimatePortfolio/UltimatePortfolio.entitlements;
				CODE_SIGN_STYLE = Manual;
				CURRENT_PROJECT_VERSION = 1;
				DEVELOPMENT_ASSET_PATHS = "\"UltimatePortfolio/Preview Content\"";
				DEVELOPMENT_TEAM = "";
				ENABLE_PREVIEWS = YES;
				GENERATE_INFOPLIST_FILE = YES;
				INFOPLIST_FILE = UltimatePortfolio/Info.plist;
				INFOPLIST_KEY_UIApplicationSceneManifest_Generation = YES;
				INFOPLIST_KEY_UIApplicationSupportsIndirectInputEvents = YES;
				INFOPLIST_KEY_UILaunchScreen_Generation = YES;
				INFOPLIST_KEY_UISupportedInterfaceOrientations_iPad = "UIInterfaceOrientationPortrait UIInterfaceOrientationPortraitUpsideDown UIInterfaceOrientationLandscapeLeft UIInterfaceOrientationLandscapeRight";
				INFOPLIST_KEY_UISupportedInterfaceOrientations_iPhone = "UIInterfaceOrientationPortrait UIInterfaceOrientationLandscapeLeft UIInterfaceOrientationLandscapeRight";
				LD_RUNPATH_SEARCH_PATHS = (
					"$(inherited)",
					"@executable_path/Frameworks",
				);
				MARKETING_VERSION = 1.0;
				PRODUCT_BUNDLE_IDENTIFIER = com.example.UltimatePortfolio;
				PRODUCT_NAME = "$(TARGET_NAME)";
				PROVISIONING_PROFILE_SPECIFIER = "";
				SWIFT_EMIT_LOC_STRINGS = YES;
				SWIFT_VERSION = 5.0;
				TARGETED_DEVICE_FAMILY = "1,2";
			};
			name = Release;
		};
/* End XCBuildConfiguration section */

/* Begin XCConfigurationList section */
		FD72639B27DE4F8200E6DBA8 /* Build configuration list for PBXProject "UltimatePortfolio" */ = {
			isa = XCConfigurationList;
			buildConfigurations = (
				FD7263AC27DE4F8300E6DBA8 /* Debug */,
				FD7263AD27DE4F8300E6DBA8 /* Release */,
			);
			defaultConfigurationIsVisible = 0;
			defaultConfigurationName = Release;
		};
		FD7263AE27DE4F8300E6DBA8 /* Build configuration list for PBXNativeTarget "UltimatePortfolio" */ = {
			isa = XCConfigurationList;
			buildConfigurations = (
				FD7263AF27DE4F8300E6DBA8 /* Debug */,
				FD7263B027DE4F8300E6DBA8 /* Release */,
			);
			defaultConfigurationIsVisible = 0;
			defaultConfigurationName = Release;
		};
/* End XCConfigurationList section */

/* Begin XCVersionGroup section */
		FD7263B127DE652200E6DBA8 /* main.xcdatamodeld */ = {
			isa = XCVersionGroup;
			children = (
				FD7263B227DE652200E6DBA8 /* main.xcdatamodel */,
			);
			currentVersion = FD7263B227DE652200E6DBA8 /* main.xcdatamodel */;
			path = main.xcdatamodeld;
			sourceTree = "<group>";
			versionGroupType = wrapper.xcdatamodel;
		};
/* End XCVersionGroup section */
	};
	rootObject = FD72639827DE4F8200E6DBA8 /* Project object */;
}
